
Microsoft Visual Studio Solution File, Format Version 12.00
# Visual Studio Version 16
VisualStudioVersion = 16.0.30517.126
MinimumVisualStudioVersion = 10.0.40219.1
Project("{9A19103F-16F7-4668-BE54-9A1E7A4F7556}") = "LogAnalyser", "LogAnalyser\LogAnalyser.csproj", "{019250EF-FDD3-43B2-9A30-EEC9EF9623EB}"
EndProject
Project("{9A19103F-16F7-4668-BE54-9A1E7A4F7556}") = "ImageAnalysis", "ImageAnalysis\ImageAnalysis.csproj", "{F3DF302A-E8C3-4E34-B021-34B9A5A498B8}"
EndProject
Project("{9A19103F-16F7-4668-BE54-9A1E7A4F7556}") = "PatternAnalysis", "PatternAnalysis\PatternAnalysis.csproj", "{6F12BE96-384D-461E-B7E4-47EFEA3C6794}"
EndProject
Project("{9A19103F-16F7-4668-BE54-9A1E7A4F7556}") = "PatternGenerator", "PatternGenerator\PatternGenerator.csproj", "{F9BEE5F6-8324-45A2-8D99-AE9F32EC0E51}"
EndProject
Project("{9A19103F-16F7-4668-BE54-9A1E7A4F7556}") = "Infrastructure", "Infrastructure\Infrastructure.csproj", "{A5D9A531-9677-4011-AA13-41CAD7488532}"
EndProject
Project("{2150E333-8FDC-42A3-9474-1A3956D46DE8}") = "src", "src", "{DA03287B-71EB-4F8B-9E67-67E7827957CD}"
EndProject
Project("{2150E333-8FDC-42A3-9474-1A3956D46DE8}") = "tests", "tests", "{80B1E063-E531-4897-AF87-199C9E11B91C}"
EndProject
Project("{9A19103F-16F7-4668-BE54-9A1E7A4F7556}") = "PatternAnalysis.Tests", "PatternAnalysis.Tests\PatternAnalysis.Tests.csproj", "{39573C33-AB68-418C-9577-B7854441FB94}"
EndProject
Project("{9A19103F-16F7-4668-BE54-9A1E7A4F7556}") = "CameraCalibration", "CameraCalibration\CameraCalibration.csproj", "{8C876842-CDB2-468F-99E8-1B409A3C9640}"
EndProject
Project("{9A19103F-16F7-4668-BE54-9A1E7A4F7556}") = "TraceAnalysis", "TraceAnalysis\TraceAnalysis.csproj", "{82B240A3-D6FA-43CC-BF84-79D320E72AF5}"
EndProject
Project("{FAE04EC0-301F-11D3-BF4B-00C04F79EFBC}") = "SequenceAnalysis", "SequenceAnalysis\SequenceAnalysis.csproj", "{F6483201-16F4-498B-A03A-02E9E9727BB0}"
EndProject
Global
	GlobalSection(SolutionConfigurationPlatforms) = preSolution
		Debug|Any CPU = Debug|Any CPU
		Release|Any CPU = Release|Any CPU
	EndGlobalSection
	GlobalSection(ProjectConfigurationPlatforms) = postSolution
		{019250EF-FDD3-43B2-9A30-EEC9EF9623EB}.Debug|Any CPU.ActiveCfg = Debug|Any CPU
		{019250EF-FDD3-43B2-9A30-EEC9EF9623EB}.Debug|Any CPU.Build.0 = Debug|Any CPU
		{019250EF-FDD3-43B2-9A30-EEC9EF9623EB}.Release|Any CPU.ActiveCfg = Release|Any CPU
		{019250EF-FDD3-43B2-9A30-EEC9EF9623EB}.Release|Any CPU.Build.0 = Release|Any CPU
		{F3DF302A-E8C3-4E34-B021-34B9A5A498B8}.Debug|Any CPU.ActiveCfg = Debug|Any CPU
		{F3DF302A-E8C3-4E34-B021-34B9A5A498B8}.Debug|Any CPU.Build.0 = Debug|Any CPU
		{F3DF302A-E8C3-4E34-B021-34B9A5A498B8}.Release|Any CPU.ActiveCfg = Release|Any CPU
		{F3DF302A-E8C3-4E34-B021-34B9A5A498B8}.Release|Any CPU.Build.0 = Release|Any CPU
		{6F12BE96-384D-461E-B7E4-47EFEA3C6794}.Debug|Any CPU.ActiveCfg = Debug|Any CPU
		{6F12BE96-384D-461E-B7E4-47EFEA3C6794}.Debug|Any CPU.Build.0 = Debug|Any CPU
		{6F12BE96-384D-461E-B7E4-47EFEA3C6794}.Release|Any CPU.ActiveCfg = Release|Any CPU
		{6F12BE96-384D-461E-B7E4-47EFEA3C6794}.Release|Any CPU.Build.0 = Release|Any CPU
		{F9BEE5F6-8324-45A2-8D99-AE9F32EC0E51}.Debug|Any CPU.ActiveCfg = Debug|Any CPU
		{F9BEE5F6-8324-45A2-8D99-AE9F32EC0E51}.Debug|Any CPU.Build.0 = Debug|Any CPU
		{F9BEE5F6-8324-45A2-8D99-AE9F32EC0E51}.Release|Any CPU.ActiveCfg = Release|Any CPU
		{F9BEE5F6-8324-45A2-8D99-AE9F32EC0E51}.Release|Any CPU.Build.0 = Release|Any CPU
		{A5D9A531-9677-4011-AA13-41CAD7488532}.Debug|Any CPU.ActiveCfg = Debug|Any CPU
		{A5D9A531-9677-4011-AA13-41CAD7488532}.Debug|Any CPU.Build.0 = Debug|Any CPU
		{A5D9A531-9677-4011-AA13-41CAD7488532}.Release|Any CPU.ActiveCfg = Release|Any CPU
		{A5D9A531-9677-4011-AA13-41CAD7488532}.Release|Any CPU.Build.0 = Release|Any CPU
		{39573C33-AB68-418C-9577-B7854441FB94}.Debug|Any CPU.ActiveCfg = Debug|Any CPU
		{39573C33-AB68-418C-9577-B7854441FB94}.Debug|Any CPU.Build.0 = Debug|Any CPU
		{39573C33-AB68-418C-9577-B7854441FB94}.Release|Any CPU.ActiveCfg = Release|Any CPU
		{39573C33-AB68-418C-9577-B7854441FB94}.Release|Any CPU.Build.0 = Release|Any CPU
		{8C876842-CDB2-468F-99E8-1B409A3C9640}.Debug|Any CPU.ActiveCfg = Debug|Any CPU
		{8C876842-CDB2-468F-99E8-1B409A3C9640}.Debug|Any CPU.Build.0 = Debug|Any CPU
		{8C876842-CDB2-468F-99E8-1B409A3C9640}.Release|Any CPU.ActiveCfg = Release|Any CPU
		{8C876842-CDB2-468F-99E8-1B409A3C9640}.Release|Any CPU.Build.0 = Release|Any CPU
		{82B240A3-D6FA-43CC-BF84-79D320E72AF5}.Debug|Any CPU.ActiveCfg = Debug|Any CPU
		{82B240A3-D6FA-43CC-BF84-79D320E72AF5}.Debug|Any CPU.Build.0 = Debug|Any CPU
		{82B240A3-D6FA-43CC-BF84-79D320E72AF5}.Release|Any CPU.ActiveCfg = Release|Any CPU
		{82B240A3-D6FA-43CC-BF84-79D320E72AF5}.Release|Any CPU.Build.0 = Release|Any CPU
		{F6483201-16F4-498B-A03A-02E9E9727BB0}.Debug|Any CPU.ActiveCfg = Debug|Any CPU
		{F6483201-16F4-498B-A03A-02E9E9727BB0}.Debug|Any CPU.Build.0 = Debug|Any CPU
		{F6483201-16F4-498B-A03A-02E9E9727BB0}.Release|Any CPU.ActiveCfg = Release|Any CPU
		{F6483201-16F4-498B-A03A-02E9E9727BB0}.Release|Any CPU.Build.0 = Release|Any CPU
	EndGlobalSection
	GlobalSection(SolutionProperties) = preSolution
		HideSolutionNode = FALSE
	EndGlobalSection
	GlobalSection(NestedProjects) = preSolution
		{019250EF-FDD3-43B2-9A30-EEC9EF9623EB} = {DA03287B-71EB-4F8B-9E67-67E7827957CD}
		{F3DF302A-E8C3-4E34-B021-34B9A5A498B8} = {DA03287B-71EB-4F8B-9E67-67E7827957CD}
		{6F12BE96-384D-461E-B7E4-47EFEA3C6794} = {DA03287B-71EB-4F8B-9E67-67E7827957CD}
		{F9BEE5F6-8324-45A2-8D99-AE9F32EC0E51} = {DA03287B-71EB-4F8B-9E67-67E7827957CD}
		{A5D9A531-9677-4011-AA13-41CAD7488532} = {DA03287B-71EB-4F8B-9E67-67E7827957CD}
		{39573C33-AB68-418C-9577-B7854441FB94} = {80B1E063-E531-4897-AF87-199C9E11B91C}
		{8C876842-CDB2-468F-99E8-1B409A3C9640} = {DA03287B-71EB-4F8B-9E67-67E7827957CD}
		{82B240A3-D6FA-43CC-BF84-79D320E72AF5} = {DA03287B-71EB-4F8B-9E67-67E7827957CD}
		{F6483201-16F4-498B-A03A-02E9E9727BB0} = {DA03287B-71EB-4F8B-9E67-67E7827957CD}
	EndGlobalSection
	GlobalSection(ExtensibilityGlobals) = postSolution
		SolutionGuid = {32959286-79D6-4AFB-986B-DA8FF9E612CE}
	EndGlobalSection
EndGlobal
